PODS:
  - ProgressHUD (2.51)
  - ReachabilitySwift (5.0.0)

DEPENDENCIES:
  - ProgressHUD (from `https://github.com/relatedcode/ProgressHUD.git`, commit `83c3801e9aa69be157a47c40cdd8702bfaf29213`)
  - ReachabilitySwift

SPEC REPOS:
  trunk:
    - ReachabilitySwift

EXTERNAL SOURCES:
  ProgressHUD:
    :commit: 83c3801e9aa69be157a47c40cdd8702bfaf29213
    :git: https://github.com/relatedcode/ProgressHUD.git

CHECKOUT OPTIONS:
  ProgressHUD:
    :commit: 83c3801e9aa69be157a47c40cdd8702bfaf29213
    :git: https://github.com/relatedcode/ProgressHUD.git

SPEC CHECKSUMS:
  ProgressHUD: 54b4c2fa202bf3da7dddc1c698ae4e6376333bd9
  ReachabilitySwift: 985039c6f7b23a1da463388634119492ff86c825

PODFILE CHECKSUM: 34194d646bc9ab7a6de13190a84161b67d2577b4

COCOAPODS: 1.11.2
